// !$*UTF8*$!
{
	archiveVersion = 1;
	classes = {
	};
	objectVersion = 77;
	objects = {

/* Begin PBXBuildFile section */
		180B03282F9921E8006A5B3E /* MainView.swift in Sources */ = {isa = PBXBuildFile; fileRef = 180B03252F9921E8006A5B3E /* MainView.swift */; };
		180B03292F9921E8006A5B3E /* EasyMathApp.swift in Sources */ = {isa = PBXBuildFile; fileRef = 180B03262F9921E8006A5B3E /* EasyMathApp.swift */; };
		180B032A2F9921E8006A5B3E /* Assets.xcassets in Resources */ = {isa = PBXBuildFile; fileRef = 180B03242F9921E8006A5B3E /* Assets.xcassets */; };
		180B032C2F9933DF006A5B3E /* QuizCard.swift in Sources */ = {isa = PBXBuildFile; fileRef = 180B032B2F9933DF006A5B3E /* QuizCard.swift */; };
		180B032E2F993B31006A5B3E /* ButtonStart.swift in Sources */ = {isa = PBXBuildFile; fileRef = 180B032D2F993B31006A5B3E /* ButtonStart.swift */; };
		181237D52FB1086400BC7AB0 /* ResultView.swift in Sources */ = {isa = PBXBuildFile; fileRef = 181237D42FB1086400BC7AB0 /* ResultView.swift */; };
		181237D72FB111EC00BC7AB0 /* HomeButton.swift in Sources */ = {isa = PBXBuildFile; fileRef = 181237D62FB111EC00BC7AB0 /* HomeButton.swift */; };
		181237D92FB146D500BC7AB0 /* TopBar.swift in Sources */ = {isa = PBXBuildFile; fileRef = 181237D82FB146D500BC7AB0 /* TopBar.swift */; };
		181237DB2FB14A1300BC7AB0 /* FeedbackBanner.swift in Sources */ = {isa = PBXBuildFile; fileRef = 181237DA2FB14A1300BC7AB0 /* FeedbackBanner.swift */; };
		181237DD2FB1858E00BC7AB0 /* Buble.swift in Sources */ = {isa = PBXBuildFile; fileRef = 181237DC2FB1858E00BC7AB0 /* Buble.swift */; };
		181237DF2FB190B900BC7AB0 /* AnswerBanner.swift in Sources */ = {isa = PBXBuildFile; fileRef = 181237DE2FB190B900BC7AB0 /* AnswerBanner.swift */; };
		1831D64E2FA179510033AE89 /* MainViewModel.swift in Sources */ = {isa = PBXBuildFile; fileRef = 1831D64D2FA179510033AE89 /* MainViewModel.swift */; };
		1831D6502FA17BB90033AE89 /* MathSign.swift in Sources */ = {isa = PBXBuildFile; fileRef = 1831D64F2FA17BB90033AE89 /* MathSign.swift */; };
		1831D6522FA1ACE90033AE89 /* ProfileCard.swift in Sources */ = {isa = PBXBuildFile; fileRef = 1831D6512FA1ACE90033AE89 /* ProfileCard.swift */; };
		1853B85E2F9AD38B009503DE /* QuizCardModel.swift in Sources */ = {isa = PBXBuildFile; fileRef = 1853B85D2F9AD38B009503DE /* QuizCardModel.swift */; };
		1857A7092FAD0DAE00557813 /* QuizView.swift in Sources */ = {isa = PBXBuildFile; fileRef = 1857A7082FAD0DAE00557813 /* QuizView.swift */; };
		1857A70B2FAD1E1800557813 /* TaskBoard.swift in Sources */ = {isa = PBXBuildFile; fileRef = 1857A70A2FAD1E1800557813 /* TaskBoard.swift */; };
		1857A70D2FAD22BB00557813 /* AnswerButton.swift in Sources */ = {isa = PBXBuildFile; fileRef = 1857A70C2FAD22BB00557813 /* AnswerButton.swift */; };
		1857A70F2FAD68B100557813 /* NextButton.swift in Sources */ = {isa = PBXBuildFile; fileRef = 1857A70E2FAD68B100557813 /* NextButton.swift */; };
		186AF8532FA51C6E0037CDB4 /* ScoreBadge.swift in Sources */ = {isa = PBXBuildFile; fileRef = 186AF8522FA51C6E0037CDB4 /* ScoreBadge.swift */; };
		188317D82FB2780B0004A9B2 /* QuizViewModel.swift in Sources */ = {isa = PBXBuildFile; fileRef = 188317D72FB2780B0004A9B2 /* QuizViewModel.swift */; };
/* End PBXBuildFile section */

/* Begin PBXFileReference section */
		180B03162F9921D9006A5B3E /* EasyMath.app */ = {isa = PBXFileReference; explicitFileType = wrapper.application; includeInIndex = 0; path = EasyMath.app; sourceTree = BUILT_PRODUCTS_DIR; };
		180B03242F9921E8006A5B3E /* Assets.xcassets */ = {isa = PBXFileReference; lastKnownFileType = folder.assetcatalog; path = Assets.xcassets; sourceTree = "<group>"; };
		180B03252F9921E8006A5B3E /* MainView.swift */ = {isa = PBXFileReference; lastKnownFileType = sourcecode.swift; path = MainView.swift; sourceTree = "<group>"; };
		180B03262F9921E8006A5B3E /* EasyMathApp.swift */ = {isa = PBXFileReference; lastKnownFileType = sourcecode.swift; path = EasyMathApp.swift; sourceTree = "<group>"; };
		180B032B2F9933DF006A5B3E /* QuizCard.swift */ = {isa = PBXFileReference; lastKnownFileType = sourcecode.swift; path = QuizCard.swift; sourceTree = "<group>"; };
		180B032D2F993B31006A5B3E /* ButtonStart.swift */ = {isa = PBXFileReference; lastKnownFileType = sourcecode.swift; path = ButtonStart.swift; sourceTree = "<group>"; };
		181237D42FB1086400BC7AB0 /* ResultView.swift */ = {isa = PBXFileReference; lastKnownFileType = sourcecode.swift; path = ResultView.swift; sourceTree = "<group>"; };
		181237D62FB111EC00BC7AB0 /* HomeButton.swift */ = {isa = PBXFileReference; lastKnownFileType = sourcecode.swift; path = HomeButton.swift; sourceTree = "<group>"; };
		181237D82FB146D500BC7AB0 /* TopBar.swift */ = {isa = PBXFileReference; lastKnownFileType = sourcecode.swift; path = TopBar.swift; sourceTree = "<group>"; };
		181237DA2FB14A1300BC7AB0 /* FeedbackBanner.swift */ = {isa = PBXFileReference; lastKnownFileType = sourcecode.swift; path = FeedbackBanner.swift; sourceTree = "<group>"; };
		181237DC2FB1858E00BC7AB0 /* Buble.swift */ = {isa = PBXFileReference; lastKnownFileType = sourcecode.swift; path = Buble.swift; sourceTree = "<group>"; };
		181237DE2FB190B900BC7AB0 /* AnswerBanner.swift */ = {isa = PBXFileReference; lastKnownFileType = sourcecode.swift; path = AnswerBanner.swift; sourceTree = "<group>"; };
		1831D64D2FA179510033AE89 /* MainViewModel.swift */ = {isa = PBXFileReference; lastKnownFileType = sourcecode.swift; path = MainViewModel.swift; sourceTree = "<group>"; };
		1831D64F2FA17BB90033AE89 /* MathSign.swift */ = {isa = PBXFileReference; lastKnownFileType = sourcecode.swift; path = MathSign.swift; sourceTree = "<group>"; };
		1831D6512FA1ACE90033AE89 /* ProfileCard.swift */ = {isa = PBXFileReference; lastKnownFileType = sourcecode.swift; path = ProfileCard.swift; sourceTree = "<group>"; };
		1853B85D2F9AD38B009503DE /* QuizCardModel.swift */ = {isa = PBXFileReference; lastKnownFileType = sourcecode.swift; path = QuizCardModel.swift; sourceTree = "<group>"; };
		1857A7082FAD0DAE00557813 /* QuizView.swift */ = {isa = PBXFileReference; lastKnownFileType = sourcecode.swift; path = QuizView.swift; sourceTree = "<group>"; };
		1857A70A2FAD1E1800557813 /* TaskBoard.swift */ = {isa = PBXFileReference; lastKnownFileType = sourcecode.swift; path = TaskBoard.swift; sourceTree = "<group>"; };
		1857A70C2FAD22BB00557813 /* AnswerButton.swift */ = {isa = PBXFileReference; lastKnownFileType = sourcecode.swift; path = AnswerButton.swift; sourceTree = "<group>"; };
		1857A70E2FAD68B100557813 /* NextButton.swift */ = {isa = PBXFileReference; lastKnownFileType = sourcecode.swift; path = NextButton.swift; sourceTree = "<group>"; };
		186AF8522FA51C6E0037CDB4 /* ScoreBadge.swift */ = {isa = PBXFileReference; lastKnownFileType = sourcecode.swift; path = ScoreBadge.swift; sourceTree = "<group>"; };
		188317D72FB2780B0004A9B2 /* QuizViewModel.swift */ = {isa = PBXFileReference; lastKnownFileType = sourcecode.swift; path = QuizViewModel.swift; sourceTree = "<group>"; };
/* End PBXFileReference section */

/* Begin PBXFrameworksBuildPhase section */
		180B03132F9921D9006A5B3E /* Frameworks */ = {
			isa = PBXFrameworksBuildPhase;
			buildActionMask = 2147483647;
			files = (
			);
			runOnlyForDeploymentPostprocessing = 0;
		};
/* End PBXFrameworksBuildPhase section */

/* Begin PBXGroup section */
		180B030D2F9921D9006A5B3E = {
			isa = PBXGroup;
			children = (
				180B03272F9921E8006A5B3E /* EasyMath */,
				180B03172F9921D9006A5B3E /* Products */,
			);
			sourceTree = "<group>";
		};
		180B03172F9921D9006A5B3E /* Products */ = {
			isa = PBXGroup;
			children = (
				180B03162F9921D9006A5B3E /* EasyMath.app */,
			);
			name = Products;
			sourceTree = "<group>";
		};
		180B03272F9921E8006A5B3E /* EasyMath */ = {
			isa = PBXGroup;
			children = (
				180B03242F9921E8006A5B3E /* Assets.xcassets */,
				180B03262F9921E8006A5B3E /* EasyMathApp.swift */,
				1853B85F2F9AEC4A009503DE /* Main */,
				1857A7072FAD0D9900557813 /* Quiz */,
				181237D32FB1083E00BC7AB0 /* Result */,
				1853B85C2F9AD2CE009503DE /* Model */,
				1831D64C2FA1791F0033AE89 /* ViewModel */,
			);
			path = EasyMath;
			sourceTree = "<group>";
		};
		181237D32FB1083E00BC7AB0 /* Result */ = {
			isa = PBXGroup;
			children = (
				181237D42FB1086400BC7AB0 /* ResultView.swift */,
				181237D62FB111EC00BC7AB0 /* HomeButton.swift */,
				181237DC2FB1858E00BC7AB0 /* Buble.swift */,
			);
			path = Result;
			sourceTree = "<group>";
		};
		1831D64C2FA1791F0033AE89 /* ViewModel */ = {
			isa = PBXGroup;
			children = (
				1831D64D2FA179510033AE89 /* MainViewModel.swift */,
				188317D72FB2780B0004A9B2 /* QuizViewModel.swift */,
			);
			path = ViewModel;
			sourceTree = "<group>";
		};
		1853B85C2F9AD2CE009503DE /* Model */ = {
			isa = PBXGroup;
			children = (
				1853B85D2F9AD38B009503DE /* QuizCardModel.swift */,
			);
			path = Model;
			sourceTree = "<group>";
		};
		1853B85F2F9AEC4A009503DE /* Main */ = {
			isa = PBXGroup;
			children = (
				180B03252F9921E8006A5B3E /* MainView.swift */,
				180B032B2F9933DF006A5B3E /* QuizCard.swift */,
				180B032D2F993B31006A5B3E /* ButtonStart.swift */,
				1831D64F2FA17BB90033AE89 /* MathSign.swift */,
				1831D6512FA1ACE90033AE89 /* ProfileCard.swift */,
				186AF8522FA51C6E0037CDB4 /* ScoreBadge.swift */,
				181237D82FB146D500BC7AB0 /* TopBar.swift */,
			);
			path = Main;
			sourceTree = "<group>";
		};
		1857A7072FAD0D9900557813 /* Quiz */ = {
			isa = PBXGroup;
			children = (
				1857A7082FAD0DAE00557813 /* QuizView.swift */,
				1857A70A2FAD1E1800557813 /* TaskBoard.swift */,
				1857A70C2FAD22BB00557813 /* AnswerButton.swift */,
				1857A70E2FAD68B100557813 /* NextButton.swift */,
				181237DA2FB14A1300BC7AB0 /* FeedbackBanner.swift */,
				181237DE2FB190B900BC7AB0 /* AnswerBanner.swift */,
			);
			path = Quiz;
			sourceTree = "<group>";
		};
/* End PBXGroup section */

/* Begin PBXNativeTarget section */
		180B03152F9921D9006A5B3E /* EasyMath */ = {
			isa = PBXNativeTarget;
			buildConfigurationList = 180B03212F9921DC006A5B3E /* Build configuration list for PBXNativeTarget "EasyMath" */;
			buildPhases = (
				180B03122F9921D9006A5B3E /* Sources */,
				180B03132F9921D9006A5B3E /* Frameworks */,
				180B03142F9921D9006A5B3E /* Resources */,
			);
			buildRules = (
			);
			dependencies = (
			);
			name = EasyMath;
			packageProductDependencies = (
			);
			productName = EasyMath;
			productReference = 180B03162F9921D9006A5B3E /* EasyMath.app */;
			productType = "com.apple.product-type.application";
		};
/* End PBXNativeTarget section */

/* Begin PBXProject section */
		180B030E2F9921D9006A5B3E /* Project object */ = {
			isa = PBXProject;
			attributes = {
				BuildIndependentTargetsInParallel = 1;
				LastSwiftUpdateCheck = 2630;
				LastUpgradeCheck = 2630;
				TargetAttributes = {
					180B03152F9921D9006A5B3E = {
						CreatedOnToolsVersion = 26.3;
					};
				};
			};
			buildConfigurationList = 180B03112F9921D9006A5B3E /* Build configuration list for PBXProject "EasyMath" */;
			developmentRegion = en;
			hasScannedForEncodings = 0;
			knownRegions = (
				en,
				Base,
			);
			mainGroup = 180B030D2F9921D9006A5B3E;
			minimizedProjectReferenceProxies = 1;
			preferredProjectObjectVersion = 77;
			productRefGroup = 180B03172F9921D9006A5B3E /* Products */;
			projectDirPath = "";
			projectRoot = "";
			targets = (
				180B03152F9921D9006A5B3E /* EasyMath */,
			);
		};
/* End PBXProject section */

/* Begin PBXResourcesBuildPhase section */
		180B03142F9921D9006A5B3E /* Resources */ = {
			isa = PBXResourcesBuildPhase;
			buildActionMask = 2147483647;
			files = (
				180B032A2F9921E8006A5B3E /* Assets.xcassets in Resources */,
			);
			runOnlyForDeploymentPostprocessing = 0;
		};
/* End PBXResourcesBuildPhase section */

/* Begin PBXSourcesBuildPhase section */
		180B03122F9921D9006A5B3E /* Sources */ = {
			isa = PBXSourcesBuildPhase;
			buildActionMask = 2147483647;
			files = (
				1857A70F2FAD68B100557813 /* NextButton.swift in Sources */,
				180B03282F9921E8006A5B3E /* MainView.swift in Sources */,
				180B03292F9921E8006A5B3E /* EasyMathApp.swift in Sources */,
				188317D82FB2780B0004A9B2 /* QuizViewModel.swift in Sources */,
				1831D6502FA17BB90033AE89 /* MathSign.swift in Sources */,
				181237DB2FB14A1300BC7AB0 /* FeedbackBanner.swift in Sources */,
				1853B85E2F9AD38B009503DE /* QuizCardModel.swift in Sources */,
				181237D52FB1086400BC7AB0 /* ResultView.swift in Sources */,
				1857A70B2FAD1E1800557813 /* TaskBoard.swift in Sources */,
				1857A70D2FAD22BB00557813 /* AnswerButton.swift in Sources */,
				181237DF2FB190B900BC7AB0 /* AnswerBanner.swift in Sources */,
				186AF8532FA51C6E0037CDB4 /* ScoreBadge.swift in Sources */,
				180B032E2F993B31006A5B3E /* ButtonStart.swift in Sources */,
				180B032C2F9933DF006A5B3E /* QuizCard.swift in Sources */,
				181237DD2FB1858E00BC7AB0 /* Buble.swift in Sources */,
				1857A7092FAD0DAE00557813 /* QuizView.swift in Sources */,
				1831D64E2FA179510033AE89 /* MainViewModel.swift in Sources */,
				181237D72FB111EC00BC7AB0 /* HomeButton.swift in Sources */,
				1831D6522FA1ACE90033AE89 /* ProfileCard.swift in Sources */,
				181237D92FB146D500BC7AB0 /* TopBar.swift in Sources */,
			);
			runOnlyForDeploymentPostprocessing = 0;
		};
/* End PBXSourcesBuildPhase section */

/* Begin XCBuildConfiguration section */
		180B031F2F9921DC006A5B3E /* Debug */ = {
			isa = XCBuildConfiguration;
			buildSettings = {
				ALWAYS_SEARCH_USER_PATHS = NO;
				ASSETCATALOG_COMPILER_GENERATE_SWIFT_ASSET_SYMBOL_EXTENSIONS = YES;
				CLANG_ANALYZER_NONNULL = YES;
				CLANG_ANALYZER_NUMBER_OBJECT_CONVERSION = YES_AGGRESSIVE;
				CLANG_CXX_LANGUAGE_STANDARD = "gnu++20";
				CLANG_ENABLE_MODULES = YES;
				CLANG_ENABLE_OBJC_ARC = YES;
				CLANG_ENABLE_OBJC_WEAK = YES;
				CLANG_WARN_BLOCK_CAPTURE_AUTORELEASING = YES;
				CLANG_WARN_BOOL_CONVERSION = YES;
				CLANG_WARN_COMMA = YES;
				CLANG_WARN_CONSTANT_CONVERSION = YES;
				CLANG_WARN_DEPRECATED_OBJC_IMPLEMENTATIONS = YES;
				CLANG_WARN_DIRECT_OBJC_ISA_USAGE = YES_ERROR;
				CLANG_WARN_DOCUMENTATION_COMMENTS = YES;
				CLANG_WARN_EMPTY_BODY = YES;
				CLANG_WARN_ENUM_CONVERSION = YES;
				CLANG_WARN_INFINITE_RECURSION = YES;
				CLANG_WARN_INT_CONVERSION = YES;
				CLANG_WARN_NON_LITERAL_NULL_CONVERSION = YES;
				CLANG_WARN_OBJC_IMPLICIT_RETAIN_SELF = YES;
				CLANG_WARN_OBJC_LITERAL_CONVERSION = YES;
				CLANG_WARN_OBJC_ROOT_CLASS = YES_ERROR;
				CLANG_WARN_QUOTED_INCLUDE_IN_FRAMEWORK_HEADER = YES;
				CLANG_WARN_RANGE_LOOP_ANALYSIS = YES;
				CLANG_WARN_STRICT_PROTOTYPES = YES;
				CLANG_WARN_SUSPICIOUS_MOVE = YES;
				CLANG_WARN_UNGUARDED_AVAILABILITY = YES_AGGRESSIVE;
				CLANG_WARN_UNREACHABLE_CODE = YES;
				CLANG_WARN__DUPLICATE_METHOD_MATCH = YES;
				COPY_PHASE_STRIP = NO;
				DEBUG_INFORMATION_FORMAT = dwarf;
				ENABLE_STRICT_OBJC_MSGSEND = YES;
				ENABLE_TESTABILITY = YES;
				ENABLE_USER_SCRIPT_SANDBOXING = YES;
				GCC_C_LANGUAGE_STANDARD = gnu17;
				GCC_DYNAMIC_NO_PIC = NO;
				GCC_NO_COMMON_BLOCKS = YES;
				GCC_OPTIMIZATION_LEVEL = 0;
				GCC_PREPROCESSOR_DEFINITIONS = (
					"DEBUG=1",
					"$(inherited)",
				);
				GCC_WARN_64_TO_32_BIT_CONVERSION = YES;
				GCC_WARN_ABOUT_RETURN_TYPE = YES_ERROR;
				GCC_WARN_UNDECLARED_SELECTOR = YES;
				GCC_WARN_UNINITIALIZED_AUTOS = YES_AGGRESSIVE;
				GCC_WARN_UNUSED_FUNCTION = YES;
				GCC_WARN_UNUSED_VARIABLE = YES;
				IPHONEOS_DEPLOYMENT_TARGET = 26.2;
				LOCALIZATION_PREFERS_STRING_CATALOGS = YES;
				MTL_ENABLE_DEBUG_INFO = INCLUDE_SOURCE;
				MTL_FAST_MATH = YES;
				ONLY_ACTIVE_ARCH = YES;
				SDKROOT = iphoneos;
				SWIFT_ACTIVE_COMPILATION_CONDITIONS = "DEBUG $(inherited)";
				SWIFT_OPTIMIZATION_LEVEL = "-Onone";
			};
			name = Debug;
		};
		180B03202F9921DC006A5B3E /* Release */ = {
			isa = XCBuildConfiguration;
			buildSettings = {
				ALWAYS_SEARCH_USER_PATHS = NO;
				ASSETCATALOG_COMPILER_GENERATE_SWIFT_ASSET_SYMBOL_EXTENSIONS = YES;
				CLANG_ANALYZER_NONNULL = YES;
				CLANG_ANALYZER_NUMBER_OBJECT_CONVERSION = YES_AGGRESSIVE;
				CLANG_CXX_LANGUAGE_STANDARD = "gnu++20";
				CLANG_ENABLE_MODULES = YES;
				CLANG_ENABLE_OBJC_ARC = YES;
				CLANG_ENABLE_OBJC_WEAK = YES;
				CLANG_WARN_BLOCK_CAPTURE_AUTORELEASING = YES;
				CLANG_WARN_BOOL_CONVERSION = YES;
				CLANG_WARN_COMMA = YES;
				CLANG_WARN_CONSTANT_CONVERSION = YES;
				CLANG_WARN_DEPRECATED_OBJC_IMPLEMENTATIONS = YES;
				CLANG_WARN_DIRECT_OBJC_ISA_USAGE = YES_ERROR;
				CLANG_WARN_DOCUMENTATION_COMMENTS = YES;
				CLANG_WARN_EMPTY_BODY = YES;
				CLANG_WARN_ENUM_CONVERSION = YES;
				CLANG_WARN_INFINITE_RECURSION = YES;
				CLANG_WARN_INT_CONVERSION = YES;
				CLANG_WARN_NON_LITERAL_NULL_CONVERSION = YES;
				CLANG_WARN_OBJC_IMPLICIT_RETAIN_SELF = YES;
				CLANG_WARN_OBJC_LITERAL_CONVERSION = YES;
				CLANG_WARN_OBJC_ROOT_CLASS = YES_ERROR;
				CLANG_WARN_QUOTED_INCLUDE_IN_FRAMEWORK_HEADER = YES;
				CLANG_WARN_RANGE_LOOP_ANALYSIS = YES;
				CLANG_WARN_STRICT_PROTOTYPES = YES;
				CLANG_WARN_SUSPICIOUS_MOVE = YES;
				CLANG_WARN_UNGUARDED_AVAILABILITY = YES_AGGRESSIVE;
				CLANG_WARN_UNREACHABLE_CODE = YES;
				CLANG_WARN__DUPLICATE_METHOD_MATCH = YES;
				COPY_PHASE_STRIP = NO;
				DEBUG_INFORMATION_FORMAT = "dwarf-with-dsym";
				ENABLE_NS_ASSERTIONS = NO;
				ENABLE_STRICT_OBJC_MSGSEND = YES;
				ENABLE_USER_SCRIPT_SANDBOXING = YES;
				GCC_C_LANGUAGE_STANDARD = gnu17;
				GCC_NO_COMMON_BLOCKS = YES;
				GCC_WARN_64_TO_32_BIT_CONVERSION = YES;
				GCC_WARN_ABOUT_RETURN_TYPE = YES_ERROR;
				GCC_WARN_UNDECLARED_SELECTOR = YES;
				GCC_WARN_UNINITIALIZED_AUTOS = YES_AGGRESSIVE;
				GCC_WARN_UNUSED_FUNCTION = YES;
				GCC_WARN_UNUSED_VARIABLE = YES;
				IPHONEOS_DEPLOYMENT_TARGET = 26.2;
				LOCALIZATION_PREFERS_STRING_CATALOGS = YES;
				MTL_ENABLE_DEBUG_INFO = NO;
				MTL_FAST_MATH = YES;
				SDKROOT = iphoneos;
				SWIFT_COMPILATION_MODE = wholemodule;
				VALIDATE_PRODUCT = YES;
			};
			name = Release;
		};
		180B03222F9921DC006A5B3E /* Debug */ = {
			isa = XCBuildConfiguration;
			buildSettings = {
				ASSETCATALOG_COMPILER_APPICON_NAME = AppIcon;
				ASSETCATALOG_COMPILER_GLOBAL_ACCENT_COLOR_NAME = AccentColor;
				CODE_SIGN_STYLE = Automatic;
				CURRENT_PROJECT_VERSION = 1;
				ENABLE_PREVIEWS = YES;
				GENERATE_INFOPLIST_FILE = YES;
				INFOPLIST_KEY_UIApplicationSceneManifest_Generation = YES;
				INFOPLIST_KEY_UIApplicationSupportsIndirectInputEvents = YES;
				INFOPLIST_KEY_UILaunchScreen_Generation = YES;
				INFOPLIST_KEY_UISupportedInterfaceOrientations_iPad = "UIInterfaceOrientationPortrait UIInterfaceOrientationPortraitUpsideDown UIInterfaceOrientationLandscapeLeft UIInterfaceOrientationLandscapeRight";
				INFOPLIST_KEY_UISupportedInterfaceOrientations_iPhone = "UIInterfaceOrientationPortrait UIInterfaceOrientationLandscapeLeft UIInterfaceOrientationLandscapeRight";
				LD_RUNPATH_SEARCH_PATHS = (
					"$(inherited)",
					"@executable_path/Frameworks",
				);
				MARKETING_VERSION = 1.0;
				PRODUCT_BUNDLE_IDENTIFIER = com.codewithliya.EasyMath;
				PRODUCT_NAME = "$(TARGET_NAME)";
				STRING_CATALOG_GENERATE_SYMBOLS = YES;
				SWIFT_APPROACHABLE_CONCURRENCY = YES;
				SWIFT_DEFAULT_ACTOR_ISOLATION = MainActor;
				SWIFT_EMIT_LOC_STRINGS = YES;
				SWIFT_UPCOMING_FEATURE_MEMBER_IMPORT_VISIBILITY = YES;
				SWIFT_VERSION = 5.0;
				TARGETED_DEVICE_FAMILY = "1,2";
			};
			name = Debug;
		};
		180B03232F9921DC006A5B3E /* Release */ = {
			isa = XCBuildConfiguration;
			buildSettings = {
				ASSETCATALOG_COMPILER_APPICON_NAME = AppIcon;
				ASSETCATALOG_COMPILER_GLOBAL_ACCENT_COLOR_NAME = AccentColor;
				CODE_SIGN_STYLE = Automatic;
				CURRENT_PROJECT_VERSION = 1;
				ENABLE_PREVIEWS = YES;
				GENERATE_INFOPLIST_FILE = YES;
				INFOPLIST_KEY_UIApplicationSceneManifest_Generation = YES;
				INFOPLIST_KEY_UIApplicationSupportsIndirectInputEvents = YES;
				INFOPLIST_KEY_UILaunchScreen_Generation = YES;
				INFOPLIST_KEY_UISupportedInterfaceOrientations_iPad = "UIInterfaceOrientationPortrait UIInterfaceOrientationPortraitUpsideDown UIInterfaceOrientationLandscapeLeft UIInterfaceOrientationLandscapeRight";
				INFOPLIST_KEY_UISupportedInterfaceOrientations_iPhone = "UIInterfaceOrientationPortrait UIInterfaceOrientationLandscapeLeft UIInterfaceOrientationLandscapeRight";
				LD_RUNPATH_SEARCH_PATHS = (
					"$(inherited)",
					"@executable_path/Frameworks",
				);
				MARKETING_VERSION = 1.0;
				PRODUCT_BUNDLE_IDENTIFIER = com.codewithliya.EasyMath;
				PRODUCT_NAME = "$(TARGET_NAME)";
				STRING_CATALOG_GENERATE_SYMBOLS = YES;
				SWIFT_APPROACHABLE_CONCURRENCY = YES;
				SWIFT_DEFAULT_ACTOR_ISOLATION = MainActor;
				SWIFT_EMIT_LOC_STRINGS = YES;
				SWIFT_UPCOMING_FEATURE_MEMBER_IMPORT_VISIBILITY = YES;
				SWIFT_VERSION = 5.0;
				TARGETED_DEVICE_FAMILY = "1,2";
			};
			name = Release;
		};
/* End XCBuildConfiguration section */

/* Begin XCConfigurationList section */
		180B03112F9921D9006A5B3E /* Build configuration list for PBXProject "EasyMath" */ = {
			isa = XCConfigurationList;
			buildConfigurations = (
				180B031F2F9921DC006A5B3E /* Debug */,
				180B03202F9921DC006A5B3E /* Release */,
			);
			defaultConfigurationIsVisible = 0;
			defaultConfigurationName = Release;
		};
		180B03212F9921DC006A5B3E /* Build configuration list for PBXNativeTarget "EasyMath" */ = {
			isa = XCConfigurationList;
			buildConfigurations = (
				180B03222F9921DC006A5B3E /* Debug */,
				180B03232F9921DC006A5B3E /* Release */,
			);
			defaultConfigurationIsVisible = 0;
			defaultConfigurationName = Release;
		};
/* End XCConfigurationList section */
	};
	rootObject = 180B030E2F9921D9006A5B3E /* Project object */;
}
