// !$*UTF8*$!
{
	archiveVersion = 1;
	classes = {
	};
	objectVersion = 77;
	objects = {

/* Begin PBXBuildFile section */
		18084C6F301AE13900751FAD /* RedeemRewardsBanner.swift in Sources */ = {isa = PBXBuildFile; fileRef = 18084C6E301AE13900751FAD /* RedeemRewardsBanner.swift */; };
		180B03282F9921E8006A5B3E /* MainView.swift in Sources */ = {isa = PBXBuildFile; fileRef = 180B03252F9921E8006A5B3E /* MainView.swift */; };
		180B03292F9921E8006A5B3E /* EasyMathApp.swift in Sources */ = {isa = PBXBuildFile; fileRef = 180B03262F9921E8006A5B3E /* EasyMathApp.swift */; };
		180B032A2F9921E8006A5B3E /* Assets.xcassets in Resources */ = {isa = PBXBuildFile; fileRef = 180B03242F9921E8006A5B3E /* Assets.xcassets */; };
		180B032C2F9933DF006A5B3E /* QuizCard.swift in Sources */ = {isa = PBXBuildFile; fileRef = 180B032B2F9933DF006A5B3E /* QuizCard.swift */; };
		180B032E2F993B31006A5B3E /* ButtonStart.swift in Sources */ = {isa = PBXBuildFile; fileRef = 180B032D2F993B31006A5B3E /* ButtonStart.swift */; };
		181237D52FB1086400BC7AB0 /* ResultView.swift in Sources */ = {isa = PBXBuildFile; fileRef = 181237D42FB1086400BC7AB0 /* ResultView.swift */; };
		181237D72FB111EC00BC7AB0 /* HomeButton.swift in Sources */ = {isa = PBXBuildFile; fileRef = 181237D62FB111EC00BC7AB0 /* HomeButton.swift */; };
		181237D92FB146D500BC7AB0 /* TopBar.swift in Sources */ = {isa = PBXBuildFile; fileRef = 181237D82FB146D500BC7AB0 /* TopBar.swift */; };
		181237DB2FB14A1300BC7AB0 /* FeedbackBanner.swift in Sources */ = {isa = PBXBuildFile; fileRef = 181237DA2FB14A1300BC7AB0 /* FeedbackBanner.swift */; };
		181237DD2FB1858E00BC7AB0 /* Buble.swift in Sources */ = {isa = PBXBuildFile; fileRef = 181237DC2FB1858E00BC7AB0 /* Buble.swift */; };
		181237DF2FB190B900BC7AB0 /* AnswerBanner.swift in Sources */ = {isa = PBXBuildFile; fileRef = 181237DE2FB190B900BC7AB0 /* AnswerBanner.swift */; };
		1831D64E2FA179510033AE89 /* MainViewModel.swift in Sources */ = {isa = PBXBuildFile; fileRef = 1831D64D2FA179510033AE89 /* MainViewModel.swift */; };
		1831D6502FA17BB90033AE89 /* MathSign.swift in Sources */ = {isa = PBXBuildFile; fileRef = 1831D64F2FA17BB90033AE89 /* MathSign.swift */; };
		1831D6522FA1ACE90033AE89 /* ProfileBadge.swift in Sources */ = {isa = PBXBuildFile; fileRef = 1831D6512FA1ACE90033AE89 /* ProfileBadge.swift */; };
		1853B85E2F9AD38B009503DE /* QuizCardModel.swift in Sources */ = {isa = PBXBuildFile; fileRef = 1853B85D2F9AD38B009503DE /* QuizCardModel.swift */; };
		1857A7092FAD0DAE00557813 /* QuizView.swift in Sources */ = {isa = PBXBuildFile; fileRef = 1857A7082FAD0DAE00557813 /* QuizView.swift */; };
		1857A70B2FAD1E1800557813 /* TaskBoard.swift in Sources */ = {isa = PBXBuildFile; fileRef = 1857A70A2FAD1E1800557813 /* TaskBoard.swift */; };
		1857A70D2FAD22BB00557813 /* AnswerButton.swift in Sources */ = {isa = PBXBuildFile; fileRef = 1857A70C2FAD22BB00557813 /* AnswerButton.swift */; };
		1857A70F2FAD68B100557813 /* NextButton.swift in Sources */ = {isa = PBXBuildFile; fileRef = 1857A70E2FAD68B100557813 /* NextButton.swift */; };
		1859733530216EFA00C8C7A6 /* ItemSettings.swift in Sources */ = {isa = PBXBuildFile; fileRef = 1859733430216EFA00C8C7A6 /* ItemSettings.swift */; };
		185973373024332400C8C7A6 /* UnlockRewardsButton.swift in Sources */ = {isa = PBXBuildFile; fileRef = 185973363024332400C8C7A6 /* UnlockRewardsButton.swift */; };
		18645E04302AAB1F00765259 /* OwnedItem.swift in Sources */ = {isa = PBXBuildFile; fileRef = 18645E03302AAB1F00765259 /* OwnedItem.swift */; };
		1869B768301054BA00263BB6 /* universfield-bubble-pop-04-323580.mp3 in Resources */ = {isa = PBXBuildFile; fileRef = 1869B766301054BA00263BB6 /* universfield-bubble-pop-04-323580.mp3 */; };
		1869B76A301054BA00263BB6 /* dragon-studio-correct-472358.mp3 in Resources */ = {isa = PBXBuildFile; fileRef = 1869B764301054BA00263BB6 /* dragon-studio-correct-472358.mp3 */; };
		1869B76B301054BA00263BB6 /* universfield-wrong-answer-129254.mp3 in Resources */ = {isa = PBXBuildFile; fileRef = 1869B767301054BA00263BB6 /* universfield-wrong-answer-129254.mp3 */; };
		1869B76D30106CBB00263BB6 /* freesound_community-yay-6120.mp3 in Resources */ = {isa = PBXBuildFile; fileRef = 1869B76C30106CBB00263BB6 /* freesound_community-yay-6120.mp3 */; };
		186A632C301BB172004E69CD /* RewardsView.swift in Sources */ = {isa = PBXBuildFile; fileRef = 186A632B301BB172004E69CD /* RewardsView.swift */; };
		186AF8532FA51C6E0037CDB4 /* ScoreBadgeButton.swift in Sources */ = {isa = PBXBuildFile; fileRef = 186AF8522FA51C6E0037CDB4 /* ScoreBadgeButton.swift */; };
		186CB2072FCE559D00E6777B /* Onboarding1.swift in Sources */ = {isa = PBXBuildFile; fileRef = 186CB2062FCE559D00E6777B /* Onboarding1.swift */; };
		186CB2092FCE55A500E6777B /* Onboarding2.swift in Sources */ = {isa = PBXBuildFile; fileRef = 186CB2082FCE55A500E6777B /* Onboarding2.swift */; };
		186CB20B2FCE55AF00E6777B /* Onboarding3.swift in Sources */ = {isa = PBXBuildFile; fileRef = 186CB20A2FCE55AF00E6777B /* Onboarding3.swift */; };
		186CB21D2FD1329C00E6777B /* Avatar.swift in Sources */ = {isa = PBXBuildFile; fileRef = 186CB21C2FD1329C00E6777B /* Avatar.swift */; };
		187106D52FD1E1B2005BC5A6 /* Next.swift in Sources */ = {isa = PBXBuildFile; fileRef = 187106D42FD1E1B2005BC5A6 /* Next.swift */; };
		187106D72FD1E1BC005BC5A6 /* Skip.swift in Sources */ = {isa = PBXBuildFile; fileRef = 187106D62FD1E1BC005BC5A6 /* Skip.swift */; };
		187107132FD24727005BC5A6 /* OnboardingView.swift in Sources */ = {isa = PBXBuildFile; fileRef = 187107122FD24727005BC5A6 /* OnboardingView.swift */; };
		187107152FD335FF005BC5A6 /* OnboardingViewModel.swift in Sources */ = {isa = PBXBuildFile; fileRef = 187107142FD335FF005BC5A6 /* OnboardingViewModel.swift */; };
		1871072A2FD65084005BC5A6 /* TextFieldName.swift in Sources */ = {isa = PBXBuildFile; fileRef = 187107292FD65084005BC5A6 /* TextFieldName.swift */; };
		1871073C2FDB7833005BC5A6 /* Checkmark.swift in Sources */ = {isa = PBXBuildFile; fileRef = 1871073B2FDB7833005BC5A6 /* Checkmark.swift */; };
		1871073E2FDB7872005BC5A6 /* CheckmarkItem.swift in Sources */ = {isa = PBXBuildFile; fileRef = 1871073D2FDB7872005BC5A6 /* CheckmarkItem.swift */; };
		187107402FDB7904005BC5A6 /* FireworkBurst.swift in Sources */ = {isa = PBXBuildFile; fileRef = 1871073F2FDB7904005BC5A6 /* FireworkBurst.swift */; };
		187B8B922FE4537B00DDF0EB /* 12079-22976-confetti.riv in Resources */ = {isa = PBXBuildFile; fileRef = 187B8B912FE4537B00DDF0EB /* 12079-22976-confetti.riv */; };
		187B8B952FE453E600DDF0EB /* RiveRuntime in Frameworks */ = {isa = PBXBuildFile; productRef = 187B8B942FE453E600DDF0EB /* RiveRuntime */; };
		187ECEDF2FBE521F0084E8F6 /* ProfileView.swift in Sources */ = {isa = PBXBuildFile; fileRef = 187ECEDE2FBE521F0084E8F6 /* ProfileView.swift */; };
		187ECEE12FBE54190084E8F6 /* ProfileCard.swift in Sources */ = {isa = PBXBuildFile; fileRef = 187ECEE02FBE54190084E8F6 /* ProfileCard.swift */; };
		1880DBB12FC6074F00315A1E /* Profile.swift in Sources */ = {isa = PBXBuildFile; fileRef = 1880DBB02FC6074F00315A1E /* Profile.swift */; };
		1880DBB42FC7A85400315A1E /* TextHelper.swift in Sources */ = {isa = PBXBuildFile; fileRef = 1880DBB32FC7A85400315A1E /* TextHelper.swift */; };
		188317D82FB2780B0004A9B2 /* QuizViewModel.swift in Sources */ = {isa = PBXBuildFile; fileRef = 188317D72FB2780B0004A9B2 /* QuizViewModel.swift */; };
		188318212FBCD6470004A9B2 /* StartOverButton.swift in Sources */ = {isa = PBXBuildFile; fileRef = 188318202FBCD6470004A9B2 /* StartOverButton.swift */; };
		188318232FBCE34A0004A9B2 /* Score.swift in Sources */ = {isa = PBXBuildFile; fileRef = 188318222FBCE34A0004A9B2 /* Score.swift */; };
		188318252FBD375F0004A9B2 /* ResultViewModel.swift in Sources */ = {isa = PBXBuildFile; fileRef = 188318242FBD375F0004A9B2 /* ResultViewModel.swift */; };
		18898531301C189C001D7759 /* EarnStarsBanner.swift in Sources */ = {isa = PBXBuildFile; fileRef = 18898530301C189C001D7759 /* EarnStarsBanner.swift */; };
		18898533301C1CEB001D7759 /* ItemCard.swift in Sources */ = {isa = PBXBuildFile; fileRef = 18898532301C1CEB001D7759 /* ItemCard.swift */; };
		18898537301D4E32001D7759 /* ProfileAvatar.swift in Sources */ = {isa = PBXBuildFile; fileRef = 18898536301D4E32001D7759 /* ProfileAvatar.swift */; };
		18898539301D503F001D7759 /* StarIcon.swift in Sources */ = {isa = PBXBuildFile; fileRef = 18898538301D503F001D7759 /* StarIcon.swift */; };
		1889853B301E8381001D7759 /* ItemCardModel.swift in Sources */ = {isa = PBXBuildFile; fileRef = 1889853A301E8381001D7759 /* ItemCardModel.swift */; };
		1889853D301EBD38001D7759 /* RewardsViewModel.swift in Sources */ = {isa = PBXBuildFile; fileRef = 1889853C301EBD38001D7759 /* RewardsViewModel.swift */; };
		1889853F301ECCA2001D7759 /* ScoreBadge.swift in Sources */ = {isa = PBXBuildFile; fileRef = 1889853E301ECCA2001D7759 /* ScoreBadge.swift */; };
		18A063362FE49DCB00D71DAF /* ScoreAnimation.swift in Sources */ = {isa = PBXBuildFile; fileRef = 18A063352FE49DCB00D71DAF /* ScoreAnimation.swift */; };
		18DAD69B300C41CD00120CF1 /* OnboardingViewModelTests.swift in Sources */ = {isa = PBXBuildFile; fileRef = 18DAD698300C41CD00120CF1 /* OnboardingViewModelTests.swift */; };
		18DAD69C300C41CD00120CF1 /* ResultViewModelTests.swift in Sources */ = {isa = PBXBuildFile; fileRef = 18DAD699300C41CD00120CF1 /* ResultViewModelTests.swift */; };
		18DAD69E300C41ED00120CF1 /* MainViewModelTests.swift in Sources */ = {isa = PBXBuildFile; fileRef = 18DAD69D300C41ED00120CF1 /* MainViewModelTests.swift */; };
		18DAD6A0300C41FE00120CF1 /* QuizViewModelTests.swift in Sources */ = {isa = PBXBuildFile; fileRef = 18DAD69F300C41FE00120CF1 /* QuizViewModelTests.swift */; };
		18DAD6A4300EF22E00120CF1 /* FirebaseMessaging in Frameworks */ = {isa = PBXBuildFile; productRef = 18DAD6A3300EF22E00120CF1 /* FirebaseMessaging */; };
		18DAD6A8300F050000120CF1 /* GoogleService-Info.plist in Resources */ = {isa = PBXBuildFile; fileRef = 18DAD6A7300F050000120CF1 /* GoogleService-Info.plist */; };
/* End PBXBuildFile section */

/* Begin PBXContainerItemProxy section */
		18DAD68E300C21A500120CF1 /* PBXContainerItemProxy */ = {
			isa = PBXContainerItemProxy;
			containerPortal = 180B030E2F9921D9006A5B3E /* Project object */;
			proxyType = 1;
			remoteGlobalIDString = 180B03152F9921D9006A5B3E;
			remoteInfo = EasyMath;
		};
/* End PBXContainerItemProxy section */

/* Begin PBXFileReference section */
		18084C6E301AE13900751FAD /* RedeemRewardsBanner.swift */ = {isa = PBXFileReference; lastKnownFileType = sourcecode.swift; path = RedeemRewardsBanner.swift; sourceTree = "<group>"; };
		180B03162F9921D9006A5B3E /* EasyMath.app */ = {isa = PBXFileReference; explicitFileType = wrapper.application; includeInIndex = 0; path = EasyMath.app; sourceTree = BUILT_PRODUCTS_DIR; };
		180B03242F9921E8006A5B3E /* Assets.xcassets */ = {isa = PBXFileReference; lastKnownFileType = folder.assetcatalog; path = Assets.xcassets; sourceTree = "<group>"; };
		180B03252F9921E8006A5B3E /* MainView.swift */ = {isa = PBXFileReference; lastKnownFileType = sourcecode.swift; path = MainView.swift; sourceTree = "<group>"; };
		180B03262F9921E8006A5B3E /* EasyMathApp.swift */ = {isa = PBXFileReference; lastKnownFileType = sourcecode.swift; path = EasyMathApp.swift; sourceTree = "<group>"; };
		180B032B2F9933DF006A5B3E /* QuizCard.swift */ = {isa = PBXFileReference; lastKnownFileType = sourcecode.swift; path = QuizCard.swift; sourceTree = "<group>"; };
		180B032D2F993B31006A5B3E /* ButtonStart.swift */ = {isa = PBXFileReference; lastKnownFileType = sourcecode.swift; path = ButtonStart.swift; sourceTree = "<group>"; };
		181237D42FB1086400BC7AB0 /* ResultView.swift */ = {isa = PBXFileReference; lastKnownFileType = sourcecode.swift; path = ResultView.swift; sourceTree = "<group>"; };
		181237D62FB111EC00BC7AB0 /* HomeButton.swift */ = {isa = PBXFileReference; lastKnownFileType = sourcecode.swift; path = HomeButton.swift; sourceTree = "<group>"; };
		181237D82FB146D500BC7AB0 /* TopBar.swift */ = {isa = PBXFileReference; lastKnownFileType = sourcecode.swift; path = TopBar.swift; sourceTree = "<group>"; };
		181237DA2FB14A1300BC7AB0 /* FeedbackBanner.swift */ = {isa = PBXFileReference; lastKnownFileType = sourcecode.swift; path = FeedbackBanner.swift; sourceTree = "<group>"; };
		181237DC2FB1858E00BC7AB0 /* Buble.swift */ = {isa = PBXFileReference; lastKnownFileType = sourcecode.swift; path = Buble.swift; sourceTree = "<group>"; };
		181237DE2FB190B900BC7AB0 /* AnswerBanner.swift */ = {isa = PBXFileReference; lastKnownFileType = sourcecode.swift; path = AnswerBanner.swift; sourceTree = "<group>"; };
		1831D64D2FA179510033AE89 /* MainViewModel.swift */ = {isa = PBXFileReference; lastKnownFileType = sourcecode.swift; path = MainViewModel.swift; sourceTree = "<group>"; };
		1831D64F2FA17BB90033AE89 /* MathSign.swift */ = {isa = PBXFileReference; lastKnownFileType = sourcecode.swift; path = MathSign.swift; sourceTree = "<group>"; };
		1831D6512FA1ACE90033AE89 /* ProfileBadge.swift */ = {isa = PBXFileReference; lastKnownFileType = sourcecode.swift; path = ProfileBadge.swift; sourceTree = "<group>"; };
		1853B85D2F9AD38B009503DE /* QuizCardModel.swift */ = {isa = PBXFileReference; lastKnownFileType = sourcecode.swift; path = QuizCardModel.swift; sourceTree = "<group>"; };
		1857A7082FAD0DAE00557813 /* QuizView.swift */ = {isa = PBXFileReference; lastKnownFileType = sourcecode.swift; path = QuizView.swift; sourceTree = "<group>"; };
		1857A70A2FAD1E1800557813 /* TaskBoard.swift */ = {isa = PBXFileReference; lastKnownFileType = sourcecode.swift; path = TaskBoard.swift; sourceTree = "<group>"; };
		1857A70C2FAD22BB00557813 /* AnswerButton.swift */ = {isa = PBXFileReference; lastKnownFileType = sourcecode.swift; path = AnswerButton.swift; sourceTree = "<group>"; };
		1857A70E2FAD68B100557813 /* NextButton.swift */ = {isa = PBXFileReference; lastKnownFileType = sourcecode.swift; path = NextButton.swift; sourceTree = "<group>"; };
		1859733430216EFA00C8C7A6 /* ItemSettings.swift */ = {isa = PBXFileReference; lastKnownFileType = sourcecode.swift; path = ItemSettings.swift; sourceTree = "<group>"; };
		185973363024332400C8C7A6 /* UnlockRewardsButton.swift */ = {isa = PBXFileReference; lastKnownFileType = sourcecode.swift; path = UnlockRewardsButton.swift; sourceTree = "<group>"; };
		18645E03302AAB1F00765259 /* OwnedItem.swift */ = {isa = PBXFileReference; lastKnownFileType = sourcecode.swift; path = OwnedItem.swift; sourceTree = "<group>"; };
		1869B764301054BA00263BB6 /* dragon-studio-correct-472358.mp3 */ = {isa = PBXFileReference; lastKnownFileType = audio.mp3; path = "dragon-studio-correct-472358.mp3"; sourceTree = "<group>"; };
		1869B766301054BA00263BB6 /* universfield-bubble-pop-04-323580.mp3 */ = {isa = PBXFileReference; lastKnownFileType = audio.mp3; path = "universfield-bubble-pop-04-323580.mp3"; sourceTree = "<group>"; };
		1869B767301054BA00263BB6 /* universfield-wrong-answer-129254.mp3 */ = {isa = PBXFileReference; lastKnownFileType = audio.mp3; path = "universfield-wrong-answer-129254.mp3"; sourceTree = "<group>"; };
		1869B76C30106CBB00263BB6 /* freesound_community-yay-6120.mp3 */ = {isa = PBXFileReference; lastKnownFileType = audio.mp3; path = "freesound_community-yay-6120.mp3"; sourceTree = "<group>"; };
		186A632B301BB172004E69CD /* RewardsView.swift */ = {isa = PBXFileReference; lastKnownFileType = sourcecode.swift; path = RewardsView.swift; sourceTree = "<group>"; };
		186AF8522FA51C6E0037CDB4 /* ScoreBadgeButton.swift */ = {isa = PBXFileReference; lastKnownFileType = sourcecode.swift; path = ScoreBadgeButton.swift; sourceTree = "<group>"; };
		186CB2062FCE559D00E6777B /* Onboarding1.swift */ = {isa = PBXFileReference; lastKnownFileType = sourcecode.swift; path = Onboarding1.swift; sourceTree = "<group>"; };
		186CB2082FCE55A500E6777B /* Onboarding2.swift */ = {isa = PBXFileReference; lastKnownFileType = sourcecode.swift; path = Onboarding2.swift; sourceTree = "<group>"; };
		186CB20A2FCE55AF00E6777B /* Onboarding3.swift */ = {isa = PBXFileReference; lastKnownFileType = sourcecode.swift; path = Onboarding3.swift; sourceTree = "<group>"; };
		186CB21C2FD1329C00E6777B /* Avatar.swift */ = {isa = PBXFileReference; lastKnownFileType = sourcecode.swift; path = Avatar.swift; sourceTree = "<group>"; };
		187106D42FD1E1B2005BC5A6 /* Next.swift */ = {isa = PBXFileReference; lastKnownFileType = sourcecode.swift; path = Next.swift; sourceTree = "<group>"; };
		187106D62FD1E1BC005BC5A6 /* Skip.swift */ = {isa = PBXFileReference; lastKnownFileType = sourcecode.swift; path = Skip.swift; sourceTree = "<group>"; };
		187107122FD24727005BC5A6 /* OnboardingView.swift */ = {isa = PBXFileReference; lastKnownFileType = sourcecode.swift; path = OnboardingView.swift; sourceTree = "<group>"; };
		187107142FD335FF005BC5A6 /* OnboardingViewModel.swift */ = {isa = PBXFileReference; lastKnownFileType = sourcecode.swift; path = OnboardingViewModel.swift; sourceTree = "<group>"; };
		187107292FD65084005BC5A6 /* TextFieldName.swift */ = {isa = PBXFileReference; lastKnownFileType = sourcecode.swift; path = TextFieldName.swift; sourceTree = "<group>"; };
		1871073B2FDB7833005BC5A6 /* Checkmark.swift */ = {isa = PBXFileReference; lastKnownFileType = sourcecode.swift; path = Checkmark.swift; sourceTree = "<group>"; };
		1871073D2FDB7872005BC5A6 /* CheckmarkItem.swift */ = {isa = PBXFileReference; lastKnownFileType = sourcecode.swift; path = CheckmarkItem.swift; sourceTree = "<group>"; };
		1871073F2FDB7904005BC5A6 /* FireworkBurst.swift */ = {isa = PBXFileReference; lastKnownFileType = sourcecode.swift; path = FireworkBurst.swift; sourceTree = "<group>"; };
		187B8B912FE4537B00DDF0EB /* 12079-22976-confetti.riv */ = {isa = PBXFileReference; lastKnownFileType = file; path = "12079-22976-confetti.riv"; sourceTree = "<group>"; };
		187ECEDE2FBE521F0084E8F6 /* ProfileView.swift */ = {isa = PBXFileReference; lastKnownFileType = sourcecode.swift; path = ProfileView.swift; sourceTree = "<group>"; };
		187ECEE02FBE54190084E8F6 /* ProfileCard.swift */ = {isa = PBXFileReference; lastKnownFileType = sourcecode.swift; path = ProfileCard.swift; sourceTree = "<group>"; };
		1880DBB02FC6074F00315A1E /* Profile.swift */ = {isa = PBXFileReference; lastKnownFileType = sourcecode.swift; path = Profile.swift; sourceTree = "<group>"; };
		1880DBB32FC7A85400315A1E /* TextHelper.swift */ = {isa = PBXFileReference; lastKnownFileType = sourcecode.swift; path = TextHelper.swift; sourceTree = "<group>"; };
		188317D72FB2780B0004A9B2 /* QuizViewModel.swift */ = {isa = PBXFileReference; lastKnownFileType = sourcecode.swift; path = QuizViewModel.swift; sourceTree = "<group>"; };
		188318202FBCD6470004A9B2 /* StartOverButton.swift */ = {isa = PBXFileReference; lastKnownFileType = sourcecode.swift; path = StartOverButton.swift; sourceTree = "<group>"; };
		188318222FBCE34A0004A9B2 /* Score.swift */ = {isa = PBXFileReference; lastKnownFileType = sourcecode.swift; path = Score.swift; sourceTree = "<group>"; };
		188318242FBD375F0004A9B2 /* ResultViewModel.swift */ = {isa = PBXFileReference; lastKnownFileType = sourcecode.swift; path = ResultViewModel.swift; sourceTree = "<group>"; };
		18898530301C189C001D7759 /* EarnStarsBanner.swift */ = {isa = PBXFileReference; lastKnownFileType = sourcecode.swift; path = EarnStarsBanner.swift; sourceTree = "<group>"; };
		18898532301C1CEB001D7759 /* ItemCard.swift */ = {isa = PBXFileReference; lastKnownFileType = sourcecode.swift; path = ItemCard.swift; sourceTree = "<group>"; };
		18898536301D4E32001D7759 /* ProfileAvatar.swift */ = {isa = PBXFileReference; lastKnownFileType = sourcecode.swift; path = ProfileAvatar.swift; sourceTree = "<group>"; };
		18898538301D503F001D7759 /* StarIcon.swift */ = {isa = PBXFileReference; lastKnownFileType = sourcecode.swift; path = StarIcon.swift; sourceTree = "<group>"; };
		1889853A301E8381001D7759 /* ItemCardModel.swift */ = {isa = PBXFileReference; lastKnownFileType = sourcecode.swift; path = ItemCardModel.swift; sourceTree = "<group>"; };
		1889853C301EBD38001D7759 /* RewardsViewModel.swift */ = {isa = PBXFileReference; lastKnownFileType = sourcecode.swift; path = RewardsViewModel.swift; sourceTree = "<group>"; };
		1889853E301ECCA2001D7759 /* ScoreBadge.swift */ = {isa = PBXFileReference; lastKnownFileType = sourcecode.swift; path = ScoreBadge.swift; sourceTree = "<group>"; };
		18A063352FE49DCB00D71DAF /* ScoreAnimation.swift */ = {isa = PBXFileReference; lastKnownFileType = sourcecode.swift; path = ScoreAnimation.swift; sourceTree = "<group>"; };
		18DAD68A300C21A500120CF1 /* EasyMathTests.xctest */ = {isa = PBXFileReference; explicitFileType = wrapper.cfbundle; includeInIndex = 0; path = EasyMathTests.xctest; sourceTree = BUILT_PRODUCTS_DIR; };
		18DAD697300C3A0E00120CF1 /* EasyMath.xctestplan */ = {isa = PBXFileReference; lastKnownFileType = text; path = EasyMath.xctestplan; sourceTree = "<group>"; };
		18DAD698300C41CD00120CF1 /* OnboardingViewModelTests.swift */ = {isa = PBXFileReference; lastKnownFileType = sourcecode.swift; path = OnboardingViewModelTests.swift; sourceTree = "<group>"; };
		18DAD699300C41CD00120CF1 /* ResultViewModelTests.swift */ = {isa = PBXFileReference; lastKnownFileType = sourcecode.swift; path = ResultViewModelTests.swift; sourceTree = "<group>"; };
		18DAD69D300C41ED00120CF1 /* MainViewModelTests.swift */ = {isa = PBXFileReference; lastKnownFileType = sourcecode.swift; path = MainViewModelTests.swift; sourceTree = "<group>"; };
		18DAD69F300C41FE00120CF1 /* QuizViewModelTests.swift */ = {isa = PBXFileReference; lastKnownFileType = sourcecode.swift; path = QuizViewModelTests.swift; sourceTree = "<group>"; };
		18DAD6A1300EF07B00120CF1 /* EasyMath.entitlements */ = {isa = PBXFileReference; lastKnownFileType = text.plist.entitlements; path = EasyMath.entitlements; sourceTree = "<group>"; };
		18DAD6A7300F050000120CF1 /* GoogleService-Info.plist */ = {isa = PBXFileReference; lastKnownFileType = text.plist.xml; path = "GoogleService-Info.plist"; sourceTree = "<group>"; };
/* End PBXFileReference section */

/* Begin PBXFrameworksBuildPhase section */
		180B03132F9921D9006A5B3E /* Frameworks */ = {
			isa = PBXFrameworksBuildPhase;
			buildActionMask = 2147483647;
			files = (
				18DAD6A4300EF22E00120CF1 /* FirebaseMessaging in Frameworks */,
				187B8B952FE453E600DDF0EB /* RiveRuntime in Frameworks */,
			);
			runOnlyForDeploymentPostprocessing = 0;
		};
		18DAD687300C21A500120CF1 /* Frameworks */ = {
			isa = PBXFrameworksBuildPhase;
			buildActionMask = 2147483647;
			files = (
			);
			runOnlyForDeploymentPostprocessing = 0;
		};
/* End PBXFrameworksBuildPhase section */

/* Begin PBXGroup section */
		180B030D2F9921D9006A5B3E = {
			isa = PBXGroup;
			children = (
				18DAD697300C3A0E00120CF1 /* EasyMath.xctestplan */,
				180B03272F9921E8006A5B3E /* EasyMath */,
				18DAD69A300C41CD00120CF1 /* EasyMathTests */,
				180B03172F9921D9006A5B3E /* Products */,
			);
			sourceTree = "<group>";
		};
		180B03172F9921D9006A5B3E /* Products */ = {
			isa = PBXGroup;
			children = (
				180B03162F9921D9006A5B3E /* EasyMath.app */,
				18DAD68A300C21A500120CF1 /* EasyMathTests.xctest */,
			);
			name = Products;
			sourceTree = "<group>";
		};
		180B03272F9921E8006A5B3E /* EasyMath */ = {
			isa = PBXGroup;
			children = (
				1869B763301054A700263BB6 /* Sounds */,
				18DAD6A1300EF07B00120CF1 /* EasyMath.entitlements */,
				187B8B912FE4537B00DDF0EB /* 12079-22976-confetti.riv */,
				180B03242F9921E8006A5B3E /* Assets.xcassets */,
				18DAD6A7300F050000120CF1 /* GoogleService-Info.plist */,
				180B03262F9921E8006A5B3E /* EasyMathApp.swift */,
				186CB2052FCE558900E6777B /* Onboarding */,
				1853B85F2F9AEC4A009503DE /* Main */,
				1880DBAF2FC5055A00315A1E /* Profile */,
				186A632D301BB17F004E69CD /* Rewards */,
				1857A7072FAD0D9900557813 /* Quiz */,
				181237D32FB1083E00BC7AB0 /* Result */,
				1853B85C2F9AD2CE009503DE /* Model */,
				1880DBB22FC7A82400315A1E /* Helpers */,
				1831D64C2FA1791F0033AE89 /* ViewModel */,
			);
			path = EasyMath;
			sourceTree = "<group>";
		};
		181237D32FB1083E00BC7AB0 /* Result */ = {
			isa = PBXGroup;
			children = (
				181237D42FB1086400BC7AB0 /* ResultView.swift */,
				181237D62FB111EC00BC7AB0 /* HomeButton.swift */,
				181237DC2FB1858E00BC7AB0 /* Buble.swift */,
				188318202FBCD6470004A9B2 /* StartOverButton.swift */,
				18A063352FE49DCB00D71DAF /* ScoreAnimation.swift */,
			);
			path = Result;
			sourceTree = "<group>";
		};
		1831D64C2FA1791F0033AE89 /* ViewModel */ = {
			isa = PBXGroup;
			children = (
				1831D64D2FA179510033AE89 /* MainViewModel.swift */,
				188317D72FB2780B0004A9B2 /* QuizViewModel.swift */,
				188318242FBD375F0004A9B2 /* ResultViewModel.swift */,
				187107142FD335FF005BC5A6 /* OnboardingViewModel.swift */,
				1889853C301EBD38001D7759 /* RewardsViewModel.swift */,
			);
			path = ViewModel;
			sourceTree = "<group>";
		};
		1853B85C2F9AD2CE009503DE /* Model */ = {
			isa = PBXGroup;
			children = (
				1853B85D2F9AD38B009503DE /* QuizCardModel.swift */,
				1889853A301E8381001D7759 /* ItemCardModel.swift */,
				1859733430216EFA00C8C7A6 /* ItemSettings.swift */,
				188318222FBCE34A0004A9B2 /* Score.swift */,
				1880DBB02FC6074F00315A1E /* Profile.swift */,
				1871073D2FDB7872005BC5A6 /* CheckmarkItem.swift */,
				18645E03302AAB1F00765259 /* OwnedItem.swift */,
			);
			path = Model;
			sourceTree = "<group>";
		};
		1853B85F2F9AEC4A009503DE /* Main */ = {
			isa = PBXGroup;
			children = (
				180B03252F9921E8006A5B3E /* MainView.swift */,
				180B032B2F9933DF006A5B3E /* QuizCard.swift */,
				180B032D2F993B31006A5B3E /* ButtonStart.swift */,
				1831D64F2FA17BB90033AE89 /* MathSign.swift */,
				186AF8522FA51C6E0037CDB4 /* ScoreBadgeButton.swift */,
				1889853E301ECCA2001D7759 /* ScoreBadge.swift */,
				181237D82FB146D500BC7AB0 /* TopBar.swift */,
				18898538301D503F001D7759 /* StarIcon.swift */,
			);
			path = Main;
			sourceTree = "<group>";
		};
		1857A7072FAD0D9900557813 /* Quiz */ = {
			isa = PBXGroup;
			children = (
				1857A7082FAD0DAE00557813 /* QuizView.swift */,
				1857A70A2FAD1E1800557813 /* TaskBoard.swift */,
				1857A70C2FAD22BB00557813 /* AnswerButton.swift */,
				1857A70E2FAD68B100557813 /* NextButton.swift */,
				181237DA2FB14A1300BC7AB0 /* FeedbackBanner.swift */,
				181237DE2FB190B900BC7AB0 /* AnswerBanner.swift */,
				1871073A2FDB7810005BC5A6 /* Animation */,
			);
			path = Quiz;
			sourceTree = "<group>";
		};
		1869B763301054A700263BB6 /* Sounds */ = {
			isa = PBXGroup;
			children = (
				1869B764301054BA00263BB6 /* dragon-studio-correct-472358.mp3 */,
				1869B766301054BA00263BB6 /* universfield-bubble-pop-04-323580.mp3 */,
				1869B767301054BA00263BB6 /* universfield-wrong-answer-129254.mp3 */,
				1869B76C30106CBB00263BB6 /* freesound_community-yay-6120.mp3 */,
			);
			path = Sounds;
			sourceTree = "<group>";
		};
		186A632D301BB17F004E69CD /* Rewards */ = {
			isa = PBXGroup;
			children = (
				186A632B301BB172004E69CD /* RewardsView.swift */,
				18898532301C1CEB001D7759 /* ItemCard.swift */,
				18898530301C189C001D7759 /* EarnStarsBanner.swift */,
				185973363024332400C8C7A6 /* UnlockRewardsButton.swift */,
			);
			path = Rewards;
			sourceTree = "<group>";
		};
		186CB2052FCE558900E6777B /* Onboarding */ = {
			isa = PBXGroup;
			children = (
				187107122FD24727005BC5A6 /* OnboardingView.swift */,
				186CB2062FCE559D00E6777B /* Onboarding1.swift */,
				186CB2082FCE55A500E6777B /* Onboarding2.swift */,
				186CB20A2FCE55AF00E6777B /* Onboarding3.swift */,
				186CB21C2FD1329C00E6777B /* Avatar.swift */,
				187106D42FD1E1B2005BC5A6 /* Next.swift */,
				187106D62FD1E1BC005BC5A6 /* Skip.swift */,
				187107292FD65084005BC5A6 /* TextFieldName.swift */,
			);
			path = Onboarding;
			sourceTree = "<group>";
		};
		1871073A2FDB7810005BC5A6 /* Animation */ = {
			isa = PBXGroup;
			children = (
				1871073B2FDB7833005BC5A6 /* Checkmark.swift */,
				1871073F2FDB7904005BC5A6 /* FireworkBurst.swift */,
			);
			path = Animation;
			sourceTree = "<group>";
		};
		1880DBAF2FC5055A00315A1E /* Profile */ = {
			isa = PBXGroup;
			children = (
				187ECEDE2FBE521F0084E8F6 /* ProfileView.swift */,
				187ECEE02FBE54190084E8F6 /* ProfileCard.swift */,
				1831D6512FA1ACE90033AE89 /* ProfileBadge.swift */,
				18084C6E301AE13900751FAD /* RedeemRewardsBanner.swift */,
				18898536301D4E32001D7759 /* ProfileAvatar.swift */,
			);
			path = Profile;
			sourceTree = "<group>";
		};
		1880DBB22FC7A82400315A1E /* Helpers */ = {
			isa = PBXGroup;
			children = (
				1880DBB32FC7A85400315A1E /* TextHelper.swift */,
			);
			path = Helpers;
			sourceTree = "<group>";
		};
		18DAD69A300C41CD00120CF1 /* EasyMathTests */ = {
			isa = PBXGroup;
			children = (
				18DAD69D300C41ED00120CF1 /* MainViewModelTests.swift */,
				18DAD69F300C41FE00120CF1 /* QuizViewModelTests.swift */,
				18DAD699300C41CD00120CF1 /* ResultViewModelTests.swift */,
				18DAD698300C41CD00120CF1 /* OnboardingViewModelTests.swift */,
			);
			path = EasyMathTests;
			sourceTree = "<group>";
		};
/* End PBXGroup section */

/* Begin PBXNativeTarget section */
		180B03152F9921D9006A5B3E /* EasyMath */ = {
			isa = PBXNativeTarget;
			buildConfigurationList = 180B03212F9921DC006A5B3E /* Build configuration list for PBXNativeTarget "EasyMath" */;
			buildPhases = (
				180B03122F9921D9006A5B3E /* Sources */,
				180B03132F9921D9006A5B3E /* Frameworks */,
				180B03142F9921D9006A5B3E /* Resources */,
			);
			buildRules = (
			);
			dependencies = (
			);
			name = EasyMath;
			packageProductDependencies = (
				187B8B942FE453E600DDF0EB /* RiveRuntime */,
				18DAD6A3300EF22E00120CF1 /* FirebaseMessaging */,
			);
			productName = EasyMath;
			productReference = 180B03162F9921D9006A5B3E /* EasyMath.app */;
			productType = "com.apple.product-type.application";
		};
		18DAD689300C21A500120CF1 /* EasyMathTests */ = {
			isa = PBXNativeTarget;
			buildConfigurationList = 18DAD692300C21A500120CF1 /* Build configuration list for PBXNativeTarget "EasyMathTests" */;
			buildPhases = (
				18DAD686300C21A500120CF1 /* Sources */,
				18DAD687300C21A500120CF1 /* Frameworks */,
				18DAD688300C21A500120CF1 /* Resources */,
			);
			buildRules = (
			);
			dependencies = (
				18DAD68F300C21A500120CF1 /* PBXTargetDependency */,
			);
			name = EasyMathTests;
			packageProductDependencies = (
			);
			productName = EasyMathTests;
			productReference = 18DAD68A300C21A500120CF1 /* EasyMathTests.xctest */;
			productType = "com.apple.product-type.bundle.unit-test";
		};
/* End PBXNativeTarget section */

/* Begin PBXProject section */
		180B030E2F9921D9006A5B3E /* Project object */ = {
			isa = PBXProject;
			attributes = {
				BuildIndependentTargetsInParallel = 1;
				LastSwiftUpdateCheck = 2650;
				LastUpgradeCheck = 2630;
				TargetAttributes = {
					180B03152F9921D9006A5B3E = {
						CreatedOnToolsVersion = 26.3;
					};
					18DAD689300C21A500120CF1 = {
						CreatedOnToolsVersion = 26.5;
						TestTargetID = 180B03152F9921D9006A5B3E;
					};
				};
			};
			buildConfigurationList = 180B03112F9921D9006A5B3E /* Build configuration list for PBXProject "EasyMath" */;
			developmentRegion = en;
			hasScannedForEncodings = 0;
			knownRegions = (
				en,
				Base,
			);
			mainGroup = 180B030D2F9921D9006A5B3E;
			minimizedProjectReferenceProxies = 1;
			packageReferences = (
				187B8B932FE453E600DDF0EB /* XCRemoteSwiftPackageReference "rive-ios" */,
				18DAD6A2300EF22E00120CF1 /* XCRemoteSwiftPackageReference "firebase-ios-sdk" */,
			);
			preferredProjectObjectVersion = 77;
			productRefGroup = 180B03172F9921D9006A5B3E /* Products */;
			projectDirPath = "";
			projectRoot = "";
			targets = (
				180B03152F9921D9006A5B3E /* EasyMath */,
				18DAD689300C21A500120CF1 /* EasyMathTests */,
			);
		};
/* End PBXProject section */

/* Begin PBXResourcesBuildPhase section */
		180B03142F9921D9006A5B3E /* Resources */ = {
			isa = PBXResourcesBuildPhase;
			buildActionMask = 2147483647;
			files = (
				187B8B922FE4537B00DDF0EB /* 12079-22976-confetti.riv in Resources */,
				180B032A2F9921E8006A5B3E /* Assets.xcassets in Resources */,
				18DAD6A8300F050000120CF1 /* GoogleService-Info.plist in Resources */,
				1869B768301054BA00263BB6 /* universfield-bubble-pop-04-323580.mp3 in Resources */,
				1869B76A301054BA00263BB6 /* dragon-studio-correct-472358.mp3 in Resources */,
				1869B76D30106CBB00263BB6 /* freesound_community-yay-6120.mp3 in Resources */,
				1869B76B301054BA00263BB6 /* universfield-wrong-answer-129254.mp3 in Resources */,
			);
			runOnlyForDeploymentPostprocessing = 0;
		};
		18DAD688300C21A500120CF1 /* Resources */ = {
			isa = PBXResourcesBuildPhase;
			buildActionMask = 2147483647;
			files = (
			);
			runOnlyForDeploymentPostprocessing = 0;
		};
/* End PBXResourcesBuildPhase section */

/* Begin PBXSourcesBuildPhase section */
		180B03122F9921D9006A5B3E /* Sources */ = {
			isa = PBXSourcesBuildPhase;
			buildActionMask = 2147483647;
			files = (
				186CB2072FCE559D00E6777B /* Onboarding1.swift in Sources */,
				1857A70F2FAD68B100557813 /* NextButton.swift in Sources */,
				1871073C2FDB7833005BC5A6 /* Checkmark.swift in Sources */,
				187106D72FD1E1BC005BC5A6 /* Skip.swift in Sources */,
				180B03282F9921E8006A5B3E /* MainView.swift in Sources */,
				185973373024332400C8C7A6 /* UnlockRewardsButton.swift in Sources */,
				180B03292F9921E8006A5B3E /* EasyMathApp.swift in Sources */,
				18084C6F301AE13900751FAD /* RedeemRewardsBanner.swift in Sources */,
				1859733530216EFA00C8C7A6 /* ItemSettings.swift in Sources */,
				18898531301C189C001D7759 /* EarnStarsBanner.swift in Sources */,
				18898539301D503F001D7759 /* StarIcon.swift in Sources */,
				187106D52FD1E1B2005BC5A6 /* Next.swift in Sources */,
				1880DBB12FC6074F00315A1E /* Profile.swift in Sources */,
				18898533301C1CEB001D7759 /* ItemCard.swift in Sources */,
				1889853F301ECCA2001D7759 /* ScoreBadge.swift in Sources */,
				1880DBB42FC7A85400315A1E /* TextHelper.swift in Sources */,
				1871072A2FD65084005BC5A6 /* TextFieldName.swift in Sources */,
				186CB21D2FD1329C00E6777B /* Avatar.swift in Sources */,
				188317D82FB2780B0004A9B2 /* QuizViewModel.swift in Sources */,
				1831D6502FA17BB90033AE89 /* MathSign.swift in Sources */,
				18898537301D4E32001D7759 /* ProfileAvatar.swift in Sources */,
				187107152FD335FF005BC5A6 /* OnboardingViewModel.swift in Sources */,
				181237DB2FB14A1300BC7AB0 /* FeedbackBanner.swift in Sources */,
				1853B85E2F9AD38B009503DE /* QuizCardModel.swift in Sources */,
				181237D52FB1086400BC7AB0 /* ResultView.swift in Sources */,
				188318252FBD375F0004A9B2 /* ResultViewModel.swift in Sources */,
				18645E04302AAB1F00765259 /* OwnedItem.swift in Sources */,
				186CB20B2FCE55AF00E6777B /* Onboarding3.swift in Sources */,
				1889853B301E8381001D7759 /* ItemCardModel.swift in Sources */,
				1857A70B2FAD1E1800557813 /* TaskBoard.swift in Sources */,
				187ECEE12FBE54190084E8F6 /* ProfileCard.swift in Sources */,
				1857A70D2FAD22BB00557813 /* AnswerButton.swift in Sources */,
				186CB2092FCE55A500E6777B /* Onboarding2.swift in Sources */,
				181237DF2FB190B900BC7AB0 /* AnswerBanner.swift in Sources */,
				188318212FBCD6470004A9B2 /* StartOverButton.swift in Sources */,
				187107132FD24727005BC5A6 /* OnboardingView.swift in Sources */,
				186AF8532FA51C6E0037CDB4 /* ScoreBadgeButton.swift in Sources */,
				180B032E2F993B31006A5B3E /* ButtonStart.swift in Sources */,
				186A632C301BB172004E69CD /* RewardsView.swift in Sources */,
				180B032C2F9933DF006A5B3E /* QuizCard.swift in Sources */,
				1889853D301EBD38001D7759 /* RewardsViewModel.swift in Sources */,
				187ECEDF2FBE521F0084E8F6 /* ProfileView.swift in Sources */,
				187107402FDB7904005BC5A6 /* FireworkBurst.swift in Sources */,
				181237DD2FB1858E00BC7AB0 /* Buble.swift in Sources */,
				1857A7092FAD0DAE00557813 /* QuizView.swift in Sources */,
				1871073E2FDB7872005BC5A6 /* CheckmarkItem.swift in Sources */,
				1831D64E2FA179510033AE89 /* MainViewModel.swift in Sources */,
				18A063362FE49DCB00D71DAF /* ScoreAnimation.swift in Sources */,
				181237D72FB111EC00BC7AB0 /* HomeButton.swift in Sources */,
				1831D6522FA1ACE90033AE89 /* ProfileBadge.swift in Sources */,
				188318232FBCE34A0004A9B2 /* Score.swift in Sources */,
				181237D92FB146D500BC7AB0 /* TopBar.swift in Sources */,
			);
			runOnlyForDeploymentPostprocessing = 0;
		};
		18DAD686300C21A500120CF1 /* Sources */ = {
			isa = PBXSourcesBuildPhase;
			buildActionMask = 2147483647;
			files = (
				18DAD69E300C41ED00120CF1 /* MainViewModelTests.swift in Sources */,
				18DAD69B300C41CD00120CF1 /* OnboardingViewModelTests.swift in Sources */,
				18DAD69C300C41CD00120CF1 /* ResultViewModelTests.swift in Sources */,
				18DAD6A0300C41FE00120CF1 /* QuizViewModelTests.swift in Sources */,
			);
			runOnlyForDeploymentPostprocessing = 0;
		};
/* End PBXSourcesBuildPhase section */

/* Begin PBXTargetDependency section */
		18DAD68F300C21A500120CF1 /* PBXTargetDependency */ = {
			isa = PBXTargetDependency;
			target = 180B03152F9921D9006A5B3E /* EasyMath */;
			targetProxy = 18DAD68E300C21A500120CF1 /* PBXContainerItemProxy */;
		};
/* End PBXTargetDependency section */

/* Begin XCBuildConfiguration section */
		180B031F2F9921DC006A5B3E /* Debug */ = {
			isa = XCBuildConfiguration;
			buildSettings = {
				ALWAYS_SEARCH_USER_PATHS = NO;
				ASSETCATALOG_COMPILER_GENERATE_SWIFT_ASSET_SYMBOL_EXTENSIONS = YES;
				CLANG_ANALYZER_NONNULL = YES;
				CLANG_ANALYZER_NUMBER_OBJECT_CONVERSION = YES_AGGRESSIVE;
				CLANG_CXX_LANGUAGE_STANDARD = "gnu++20";
				CLANG_ENABLE_MODULES = YES;
				CLANG_ENABLE_OBJC_ARC = YES;
				CLANG_ENABLE_OBJC_WEAK = YES;
				CLANG_WARN_BLOCK_CAPTURE_AUTORELEASING = YES;
				CLANG_WARN_BOOL_CONVERSION = YES;
				CLANG_WARN_COMMA = YES;
				CLANG_WARN_CONSTANT_CONVERSION = YES;
				CLANG_WARN_DEPRECATED_OBJC_IMPLEMENTATIONS = YES;
				CLANG_WARN_DIRECT_OBJC_ISA_USAGE = YES_ERROR;
				CLANG_WARN_DOCUMENTATION_COMMENTS = YES;
				CLANG_WARN_EMPTY_BODY = YES;
				CLANG_WARN_ENUM_CONVERSION = YES;
				CLANG_WARN_INFINITE_RECURSION = YES;
				CLANG_WARN_INT_CONVERSION = YES;
				CLANG_WARN_NON_LITERAL_NULL_CONVERSION = YES;
				CLANG_WARN_OBJC_IMPLICIT_RETAIN_SELF = YES;
				CLANG_WARN_OBJC_LITERAL_CONVERSION = YES;
				CLANG_WARN_OBJC_ROOT_CLASS = YES_ERROR;
				CLANG_WARN_QUOTED_INCLUDE_IN_FRAMEWORK_HEADER = YES;
				CLANG_WARN_RANGE_LOOP_ANALYSIS = YES;
				CLANG_WARN_STRICT_PROTOTYPES = YES;
				CLANG_WARN_SUSPICIOUS_MOVE = YES;
				CLANG_WARN_UNGUARDED_AVAILABILITY = YES_AGGRESSIVE;
				CLANG_WARN_UNREACHABLE_CODE = YES;
				CLANG_WARN__DUPLICATE_METHOD_MATCH = YES;
				COPY_PHASE_STRIP = NO;
				DEBUG_INFORMATION_FORMAT = dwarf;
				ENABLE_STRICT_OBJC_MSGSEND = YES;
				ENABLE_TESTABILITY = YES;
				ENABLE_USER_SCRIPT_SANDBOXING = YES;
				GCC_C_LANGUAGE_STANDARD = gnu17;
				GCC_DYNAMIC_NO_PIC = NO;
				GCC_NO_COMMON_BLOCKS = YES;
				GCC_OPTIMIZATION_LEVEL = 0;
				GCC_PREPROCESSOR_DEFINITIONS = (
					"DEBUG=1",
					"$(inherited)",
				);
				GCC_WARN_64_TO_32_BIT_CONVERSION = YES;
				GCC_WARN_ABOUT_RETURN_TYPE = YES_ERROR;
				GCC_WARN_UNDECLARED_SELECTOR = YES;
				GCC_WARN_UNINITIALIZED_AUTOS = YES_AGGRESSIVE;
				GCC_WARN_UNUSED_FUNCTION = YES;
				GCC_WARN_UNUSED_VARIABLE = YES;
				IPHONEOS_DEPLOYMENT_TARGET = 26.2;
				LOCALIZATION_PREFERS_STRING_CATALOGS = YES;
				MTL_ENABLE_DEBUG_INFO = INCLUDE_SOURCE;
				MTL_FAST_MATH = YES;
				ONLY_ACTIVE_ARCH = YES;
				SDKROOT = iphoneos;
				SWIFT_ACTIVE_COMPILATION_CONDITIONS = "DEBUG $(inherited)";
				SWIFT_OPTIMIZATION_LEVEL = "-Onone";
			};
			name = Debug;
		};
		180B03202F9921DC006A5B3E /* Release */ = {
			isa = XCBuildConfiguration;
			buildSettings = {
				ALWAYS_SEARCH_USER_PATHS = NO;
				ASSETCATALOG_COMPILER_GENERATE_SWIFT_ASSET_SYMBOL_EXTENSIONS = YES;
				CLANG_ANALYZER_NONNULL = YES;
				CLANG_ANALYZER_NUMBER_OBJECT_CONVERSION = YES_AGGRESSIVE;
				CLANG_CXX_LANGUAGE_STANDARD = "gnu++20";
				CLANG_ENABLE_MODULES = YES;
				CLANG_ENABLE_OBJC_ARC = YES;
				CLANG_ENABLE_OBJC_WEAK = YES;
				CLANG_WARN_BLOCK_CAPTURE_AUTORELEASING = YES;
				CLANG_WARN_BOOL_CONVERSION = YES;
				CLANG_WARN_COMMA = YES;
				CLANG_WARN_CONSTANT_CONVERSION = YES;
				CLANG_WARN_DEPRECATED_OBJC_IMPLEMENTATIONS = YES;
				CLANG_WARN_DIRECT_OBJC_ISA_USAGE = YES_ERROR;
				CLANG_WARN_DOCUMENTATION_COMMENTS = YES;
				CLANG_WARN_EMPTY_BODY = YES;
				CLANG_WARN_ENUM_CONVERSION = YES;
				CLANG_WARN_INFINITE_RECURSION = YES;
				CLANG_WARN_INT_CONVERSION = YES;
				CLANG_WARN_NON_LITERAL_NULL_CONVERSION = YES;
				CLANG_WARN_OBJC_IMPLICIT_RETAIN_SELF = YES;
				CLANG_WARN_OBJC_LITERAL_CONVERSION = YES;
				CLANG_WARN_OBJC_ROOT_CLASS = YES_ERROR;
				CLANG_WARN_QUOTED_INCLUDE_IN_FRAMEWORK_HEADER = YES;
				CLANG_WARN_RANGE_LOOP_ANALYSIS = YES;
				CLANG_WARN_STRICT_PROTOTYPES = YES;
				CLANG_WARN_SUSPICIOUS_MOVE = YES;
				CLANG_WARN_UNGUARDED_AVAILABILITY = YES_AGGRESSIVE;
				CLANG_WARN_UNREACHABLE_CODE = YES;
				CLANG_WARN__DUPLICATE_METHOD_MATCH = YES;
				COPY_PHASE_STRIP = NO;
				DEBUG_INFORMATION_FORMAT = "dwarf-with-dsym";
				ENABLE_NS_ASSERTIONS = NO;
				ENABLE_STRICT_OBJC_MSGSEND = YES;
				ENABLE_USER_SCRIPT_SANDBOXING = YES;
				GCC_C_LANGUAGE_STANDARD = gnu17;
				GCC_NO_COMMON_BLOCKS = YES;
				GCC_WARN_64_TO_32_BIT_CONVERSION = YES;
				GCC_WARN_ABOUT_RETURN_TYPE = YES_ERROR;
				GCC_WARN_UNDECLARED_SELECTOR = YES;
				GCC_WARN_UNINITIALIZED_AUTOS = YES_AGGRESSIVE;
				GCC_WARN_UNUSED_FUNCTION = YES;
				GCC_WARN_UNUSED_VARIABLE = YES;
				IPHONEOS_DEPLOYMENT_TARGET = 26.2;
				LOCALIZATION_PREFERS_STRING_CATALOGS = YES;
				MTL_ENABLE_DEBUG_INFO = NO;
				MTL_FAST_MATH = YES;
				SDKROOT = iphoneos;
				SWIFT_COMPILATION_MODE = wholemodule;
				VALIDATE_PRODUCT = YES;
			};
			name = Release;
		};
		180B03222F9921DC006A5B3E /* Debug */ = {
			isa = XCBuildConfiguration;
			buildSettings = {
				ASSETCATALOG_COMPILER_APPICON_NAME = AppIcon;
				ASSETCATALOG_COMPILER_GLOBAL_ACCENT_COLOR_NAME = AccentColor;
				CODE_SIGN_ENTITLEMENTS = EasyMath/EasyMath.entitlements;
				CODE_SIGN_STYLE = Automatic;
				CURRENT_PROJECT_VERSION = 1;
				DEVELOPMENT_TEAM = 3S53HGH48M;
				ENABLE_PREVIEWS = YES;
				GENERATE_INFOPLIST_FILE = YES;
				INFOPLIST_KEY_ITSAppUsesNonExemptEncryption = NO;
				INFOPLIST_KEY_UIApplicationSceneManifest_Generation = YES;
				INFOPLIST_KEY_UIApplicationSupportsIndirectInputEvents = YES;
				INFOPLIST_KEY_UILaunchScreen_Generation = YES;
				INFOPLIST_KEY_UIStatusBarStyle = "";
				INFOPLIST_KEY_UISupportedInterfaceOrientations = UIInterfaceOrientationPortrait;
				IPHONEOS_DEPLOYMENT_TARGET = 17.0;
				LD_RUNPATH_SEARCH_PATHS = (
					"$(inherited)",
					"@executable_path/Frameworks",
				);
				MARKETING_VERSION = 1.2.2;
				PRODUCT_BUNDLE_IDENTIFIER = com.codewithliya.EasyMath;
				PRODUCT_NAME = "$(TARGET_NAME)";
				STRING_CATALOG_GENERATE_SYMBOLS = YES;
				SUPPORTED_PLATFORMS = "iphoneos iphonesimulator";
				SUPPORTS_MACCATALYST = NO;
				SUPPORTS_MAC_DESIGNED_FOR_IPHONE_IPAD = NO;
				SUPPORTS_XR_DESIGNED_FOR_IPHONE_IPAD = NO;
				SWIFT_APPROACHABLE_CONCURRENCY = YES;
				SWIFT_DEFAULT_ACTOR_ISOLATION = MainActor;
				SWIFT_EMIT_LOC_STRINGS = YES;
				SWIFT_UPCOMING_FEATURE_MEMBER_IMPORT_VISIBILITY = YES;
				SWIFT_VERSION = 5.0;
				TARGETED_DEVICE_FAMILY = 1;
			};
			name = Debug;
		};
		180B03232F9921DC006A5B3E /* Release */ = {
			isa = XCBuildConfiguration;
			buildSettings = {
				ASSETCATALOG_COMPILER_APPICON_NAME = AppIcon;
				ASSETCATALOG_COMPILER_GLOBAL_ACCENT_COLOR_NAME = AccentColor;
				CODE_SIGN_ENTITLEMENTS = EasyMath/EasyMath.entitlements;
				CODE_SIGN_STYLE = Automatic;
				CURRENT_PROJECT_VERSION = 1;
				DEVELOPMENT_TEAM = 3S53HGH48M;
				ENABLE_PREVIEWS = YES;
				GENERATE_INFOPLIST_FILE = YES;
				INFOPLIST_KEY_ITSAppUsesNonExemptEncryption = NO;
				INFOPLIST_KEY_UIApplicationSceneManifest_Generation = YES;
				INFOPLIST_KEY_UIApplicationSupportsIndirectInputEvents = YES;
				INFOPLIST_KEY_UILaunchScreen_Generation = YES;
				INFOPLIST_KEY_UIStatusBarStyle = "";
				INFOPLIST_KEY_UISupportedInterfaceOrientations = UIInterfaceOrientationPortrait;
				IPHONEOS_DEPLOYMENT_TARGET = 17.0;
				LD_RUNPATH_SEARCH_PATHS = (
					"$(inherited)",
					"@executable_path/Frameworks",
				);
				MARKETING_VERSION = 1.2.2;
				PRODUCT_BUNDLE_IDENTIFIER = com.codewithliya.EasyMath;
				PRODUCT_NAME = "$(TARGET_NAME)";
				STRING_CATALOG_GENERATE_SYMBOLS = YES;
				SUPPORTED_PLATFORMS = "iphoneos iphonesimulator";
				SUPPORTS_MACCATALYST = NO;
				SUPPORTS_MAC_DESIGNED_FOR_IPHONE_IPAD = NO;
				SUPPORTS_XR_DESIGNED_FOR_IPHONE_IPAD = NO;
				SWIFT_APPROACHABLE_CONCURRENCY = YES;
				SWIFT_DEFAULT_ACTOR_ISOLATION = MainActor;
				SWIFT_EMIT_LOC_STRINGS = YES;
				SWIFT_UPCOMING_FEATURE_MEMBER_IMPORT_VISIBILITY = YES;
				SWIFT_VERSION = 5.0;
				TARGETED_DEVICE_FAMILY = 1;
			};
			name = Release;
		};
		18DAD690300C21A500120CF1 /* Debug */ = {
			isa = XCBuildConfiguration;
			buildSettings = {
				BUNDLE_LOADER = "$(TEST_HOST)";
				CODE_SIGN_STYLE = Automatic;
				CURRENT_PROJECT_VERSION = 1;
				DEVELOPMENT_TEAM = 3S53HGH48M;
				GENERATE_INFOPLIST_FILE = YES;
				IPHONEOS_DEPLOYMENT_TARGET = 26.5;
				MARKETING_VERSION = 1.0;
				PRODUCT_BUNDLE_IDENTIFIER = com.codewithliya.EasyMathTests;
				PRODUCT_NAME = "$(TARGET_NAME)";
				STRING_CATALOG_GENERATE_SYMBOLS = NO;
				SWIFT_APPROACHABLE_CONCURRENCY = YES;
				SWIFT_EMIT_LOC_STRINGS = NO;
				SWIFT_UPCOMING_FEATURE_MEMBER_IMPORT_VISIBILITY = YES;
				SWIFT_VERSION = 5.0;
				TARGETED_DEVICE_FAMILY = "1,2";
				TEST_HOST = "$(BUILT_PRODUCTS_DIR)/EasyMath.app/$(BUNDLE_EXECUTABLE_FOLDER_PATH)/EasyMath";
			};
			name = Debug;
		};
		18DAD691300C21A500120CF1 /* Release */ = {
			isa = XCBuildConfiguration;
			buildSettings = {
				BUNDLE_LOADER = "$(TEST_HOST)";
				CODE_SIGN_STYLE = Automatic;
				CURRENT_PROJECT_VERSION = 1;
				DEVELOPMENT_TEAM = 3S53HGH48M;
				GENERATE_INFOPLIST_FILE = YES;
				IPHONEOS_DEPLOYMENT_TARGET = 26.5;
				MARKETING_VERSION = 1.0;
				PRODUCT_BUNDLE_IDENTIFIER = com.codewithliya.EasyMathTests;
				PRODUCT_NAME = "$(TARGET_NAME)";
				STRING_CATALOG_GENERATE_SYMBOLS = NO;
				SWIFT_APPROACHABLE_CONCURRENCY = YES;
				SWIFT_EMIT_LOC_STRINGS = NO;
				SWIFT_UPCOMING_FEATURE_MEMBER_IMPORT_VISIBILITY = YES;
				SWIFT_VERSION = 5.0;
				TARGETED_DEVICE_FAMILY = "1,2";
				TEST_HOST = "$(BUILT_PRODUCTS_DIR)/EasyMath.app/$(BUNDLE_EXECUTABLE_FOLDER_PATH)/EasyMath";
			};
			name = Release;
		};
/* End XCBuildConfiguration section */

/* Begin XCConfigurationList section */
		180B03112F9921D9006A5B3E /* Build configuration list for PBXProject "EasyMath" */ = {
			isa = XCConfigurationList;
			buildConfigurations = (
				180B031F2F9921DC006A5B3E /* Debug */,
				180B03202F9921DC006A5B3E /* Release */,
			);
			defaultConfigurationIsVisible = 0;
			defaultConfigurationName = Release;
		};
		180B03212F9921DC006A5B3E /* Build configuration list for PBXNativeTarget "EasyMath" */ = {
			isa = XCConfigurationList;
			buildConfigurations = (
				180B03222F9921DC006A5B3E /* Debug */,
				180B03232F9921DC006A5B3E /* Release */,
			);
			defaultConfigurationIsVisible = 0;
			defaultConfigurationName = Release;
		};
		18DAD692300C21A500120CF1 /* Build configuration list for PBXNativeTarget "EasyMathTests" */ = {
			isa = XCConfigurationList;
			buildConfigurations = (
				18DAD690300C21A500120CF1 /* Debug */,
				18DAD691300C21A500120CF1 /* Release */,
			);
			defaultConfigurationIsVisible = 0;
			defaultConfigurationName = Release;
		};
/* End XCConfigurationList section */

/* Begin XCRemoteSwiftPackageReference section */
		187B8B932FE453E600DDF0EB /* XCRemoteSwiftPackageReference "rive-ios" */ = {
			isa = XCRemoteSwiftPackageReference;
			repositoryURL = "https://github.com/rive-app/rive-ios";
			requirement = {
				kind = upToNextMajorVersion;
				minimumVersion = 6.20.6;
			};
		};
		18DAD6A2300EF22E00120CF1 /* XCRemoteSwiftPackageReference "firebase-ios-sdk" */ = {
			isa = XCRemoteSwiftPackageReference;
			repositoryURL = "https://github.com/firebase/firebase-ios-sdk";
			requirement = {
				kind = upToNextMajorVersion;
				minimumVersion = 12.16.0;
			};
		};
/* End XCRemoteSwiftPackageReference section */

/* Begin XCSwiftPackageProductDependency section */
		187B8B942FE453E600DDF0EB /* RiveRuntime */ = {
			isa = XCSwiftPackageProductDependency;
			package = 187B8B932FE453E600DDF0EB /* XCRemoteSwiftPackageReference "rive-ios" */;
			productName = RiveRuntime;
		};
		18DAD6A3300EF22E00120CF1 /* FirebaseMessaging */ = {
			isa = XCSwiftPackageProductDependency;
			package = 18DAD6A2300EF22E00120CF1 /* XCRemoteSwiftPackageReference "firebase-ios-sdk" */;
			productName = FirebaseMessaging;
		};
/* End XCSwiftPackageProductDependency section */
	};
	rootObject = 180B030E2F9921D9006A5B3E /* Project object */;
}
